
Microsoft Visual Studio Solution File, Format Version 12.00
# Visual Studio Version 16
VisualStudioVersion = 16.0.29009.5
MinimumVisualStudioVersion = 10.0.40219.1
Project("{FAE04EC0-301F-11D3-BF4B-00C04F79EFBC}") = "PSim", "PSim\PSim.csproj", "{FFB4122C-C3D8-46EB-BB1F-5441A7509593}"
EndProject
Project("{54435603-DBB4-11D2-8724-00A0C9A8B90C}") = "PSimSetup", "PSimSetup\PSimSetup.vdproj", "{DA8643C3-CACE-417C-BC22-92C49B886E4D}"
EndProject
Global
	GlobalSection(SolutionConfigurationPlatforms) = preSolution
		Debug|Any CPU = Debug|Any CPU
		Release|Any CPU = Release|Any CPU
	EndGlobalSection
	GlobalSection(ProjectConfigurationPlatforms) = postSolution
		{FFB4122C-C3D8-46EB-BB1F-5441A7509593}.Debug|Any CPU.ActiveCfg = Debug|Any CPU
		{FFB4122C-C3D8-46EB-BB1F-5441A7509593}.Debug|Any CPU.Build.0 = Debug|Any CPU
		{FFB4122C-C3D8-46EB-BB1F-5441A7509593}.Release|Any CPU.ActiveCfg = Release|Any CPU
		{FFB4122C-C3D8-46EB-BB1F-5441A7509593}.Release|Any CPU.Build.0 = Release|Any CPU
		{DA8643C3-CACE-417C-BC22-92C49B886E4D}.Debug|Any CPU.ActiveCfg = Debug
		{DA8643C3-CACE-417C-BC22-92C49B886E4D}.Release|Any CPU.ActiveCfg = Release
	EndGlobalSection
	GlobalSection(SolutionProperties) = preSolution
		HideSolutionNode = FALSE
	EndGlobalSection
	GlobalSection(ExtensibilityGlobals) = postSolution
		SolutionGuid = {8A7DA7CC-0506-4B6B-974F-4E64B2643D1D}
	EndGlobalSection
EndGlobal
